speakeasyVersion: 1.796.2
sources:
    Realtime:
        sourceNamespace: realtime
        sourceRevisionDigest: sha256:da270bc4d6e6d5cfadb4181911c3457ef28772f71b5b5e4a566b73abaefb7e6b
        sourceBlobDigest: sha256:759c09af010bbd81fbbfef10a9ee74c9b3f409e4f5a1023cb441821eed8d8aa0
        tags:
            - latest
            - 1.0.0
    Voiceflow:
        sourceNamespace: cli
        sourceRevisionDigest: sha256:5a3d316ded0b4418cc84de756cf9e83b4bd9f3d14a0003207b55b4b0a45b3e3b
        sourceBlobDigest: sha256:38146c8cc782a3bb2e0e87eb53009bc5f6c491eb0f4633a4e3fe65283511e2a0
        tags:
            - latest
            - 1.0.0
targets:
    voiceflow-sdk:
        source: Voiceflow
        sourceNamespace: cli
        sourceRevisionDigest: sha256:5a3d316ded0b4418cc84de756cf9e83b4bd9f3d14a0003207b55b4b0a45b3e3b
        sourceBlobDigest: sha256:38146c8cc782a3bb2e0e87eb53009bc5f6c491eb0f4633a4e3fe65283511e2a0
workflow:
    workflowVersion: 1.0.0
    speakeasyVersion: latest
    sources:
        Voiceflow:
            inputs:
                - location: ./openapi.stable.json
            transformations:
                - filterOperations:
                    operations: StableEnvironmentController_export
                    exclude: true
            output: .speakeasy/out.openapi.yaml
            registry:
                location: registry.speakeasyapi.dev/voiceflow/engineering/cli
    targets:
        voiceflow-sdk:
            target: cli
            source: Voiceflow
