speakeasyVersion: 1.791.4
sources:
    Realtime:
        sourceNamespace: realtime
        sourceRevisionDigest: sha256:da270bc4d6e6d5cfadb4181911c3457ef28772f71b5b5e4a566b73abaefb7e6b
        sourceBlobDigest: sha256:759c09af010bbd81fbbfef10a9ee74c9b3f409e4f5a1023cb441821eed8d8aa0
        tags:
            - latest
            - 1.0.0
    Voiceflow:
        sourceNamespace: cli
        sourceRevisionDigest: sha256:269764c75f1ea93df02aa60aaf82d4854d34160f387ab8767e38eb3144d3f91b
        sourceBlobDigest: sha256:34c5e658854bf90c34c1388207e320377e695aeec60637d003f2c3de1694cfa3
        tags:
            - latest
            - 1.0.0
targets:
    voiceflow-sdk:
        source: Voiceflow
        sourceNamespace: cli
        sourceRevisionDigest: sha256:269764c75f1ea93df02aa60aaf82d4854d34160f387ab8767e38eb3144d3f91b
        sourceBlobDigest: sha256:34c5e658854bf90c34c1388207e320377e695aeec60637d003f2c3de1694cfa3
workflow:
    workflowVersion: 1.0.0
    speakeasyVersion: latest
    sources:
        Voiceflow:
            inputs:
                - location: ./openapi.stable.json
            transformations:
                - filterOperations:
                    operations: StableEnvironmentController_export
                    exclude: true
            output: .speakeasy/out.openapi.yaml
            registry:
                location: registry.speakeasyapi.dev/voiceflow/engineering/cli
    targets:
        voiceflow-sdk:
            target: cli
            source: Voiceflow
